
Microsoft Visual Studio Solution File, Format Version 12.00
# Visual Studio Version 17
VisualStudioVersion = 17.5.33627.172
MinimumVisualStudioVersion = 10.0.40219.1
Project("{2150E333-8FDC-42A3-9474-1A3956D46DE8}") = "src", "src", "{12EB95C4-0E18-4BED-94F4-97EAF685357A}"
EndProject
Project("{2150E333-8FDC-42A3-9474-1A3956D46DE8}") = "tests", "tests", "{35C4071F-5698-492D-9E7F-3822DA1CD067}"
EndProject
Project("{9A19103F-16F7-4668-BE54-9A1E7A4F7556}") = "Migrators.MSSQL", "src\Migrators.MSSQL\Migrators.MSSQL.csproj", "{5DF5D4B9-A164-48F9-81FD-349EB337545C}"
EndProject
Project("{2150E333-8FDC-42A3-9474-1A3956D46DE8}") = "core", "core", "{C9CCB21B-0C78-4FCF-9843-B21482D93F02}"
EndProject
Project("{9A19103F-16F7-4668-BE54-9A1E7A4F7556}") = "Infrastructure", "src\Infrastructure\Infrastructure.csproj", "{08F815F7-D0E8-480E-8161-527E194B32DB}"
EndProject
Project("{9A19103F-16F7-4668-BE54-9A1E7A4F7556}") = "WebApi", "src\WebApi\WebApi.csproj", "{5B24CA7E-E94B-4C10-9F63-486C52378BC6}"
EndProject
Project("{9A19103F-16F7-4668-BE54-9A1E7A4F7556}") = "Application", "src\core\Application\Application.csproj", "{EE76280E-C314-4918-AE38-27476E4D0860}"
EndProject
Project("{9A19103F-16F7-4668-BE54-9A1E7A4F7556}") = "Domain", "src\core\Domain\Domain.csproj", "{2193D327-08D9-46FD-AA5C-ED120CC95960}"
EndProject
Project("{E53339B2-1760-4266-BCC7-CA923CBCF16C}") = "docker-compose", "docker-compose.dcproj", "{579E8CB9-AA55-4BE0-B04A-F498BBE5CA28}"
EndProject
Project("{9A19103F-16F7-4668-BE54-9A1E7A4F7556}") = "Infrastructure.Test", "tests\Infrastructure.Test\Infrastructure.Test.csproj", "{C6D47CC0-70DC-496E-907D-705EDCACBE5B}"
EndProject
Project("{9A19103F-16F7-4668-BE54-9A1E7A4F7556}") = "Domain.Test", "tests\Domain.Test\Domain.Test.csproj", "{3C8361C7-EDC8-431B-ACCC-0CBF06044600}"
EndProject
Project("{9A19103F-16F7-4668-BE54-9A1E7A4F7556}") = "Application.Test", "tests\Application.Test\Application.Test.csproj", "{F5AE7356-40B3-47FA-BA3B-269ADDA10B9B}"
EndProject
Project("{9A19103F-16F7-4668-BE54-9A1E7A4F7556}") = "WepApiTest", "tests\WepApiTest\WepApiTest.csproj", "{BFD3A40F-0F82-490B-BEEC-0532D76DD7C9}"
EndProject
Global
	GlobalSection(SolutionConfigurationPlatforms) = preSolution
		Debug|Any CPU = Debug|Any CPU
		Release|Any CPU = Release|Any CPU
	EndGlobalSection
	GlobalSection(ProjectConfigurationPlatforms) = postSolution
		{5DF5D4B9-A164-48F9-81FD-349EB337545C}.Debug|Any CPU.ActiveCfg = Debug|Any CPU
		{5DF5D4B9-A164-48F9-81FD-349EB337545C}.Debug|Any CPU.Build.0 = Debug|Any CPU
		{5DF5D4B9-A164-48F9-81FD-349EB337545C}.Release|Any CPU.ActiveCfg = Release|Any CPU
		{5DF5D4B9-A164-48F9-81FD-349EB337545C}.Release|Any CPU.Build.0 = Release|Any CPU
		{08F815F7-D0E8-480E-8161-527E194B32DB}.Debug|Any CPU.ActiveCfg = Debug|Any CPU
		{08F815F7-D0E8-480E-8161-527E194B32DB}.Debug|Any CPU.Build.0 = Debug|Any CPU
		{08F815F7-D0E8-480E-8161-527E194B32DB}.Release|Any CPU.ActiveCfg = Release|Any CPU
		{08F815F7-D0E8-480E-8161-527E194B32DB}.Release|Any CPU.Build.0 = Release|Any CPU
		{5B24CA7E-E94B-4C10-9F63-486C52378BC6}.Debug|Any CPU.ActiveCfg = Debug|Any CPU
		{5B24CA7E-E94B-4C10-9F63-486C52378BC6}.Debug|Any CPU.Build.0 = Debug|Any CPU
		{5B24CA7E-E94B-4C10-9F63-486C52378BC6}.Release|Any CPU.ActiveCfg = Release|Any CPU
		{5B24CA7E-E94B-4C10-9F63-486C52378BC6}.Release|Any CPU.Build.0 = Release|Any CPU
		{EE76280E-C314-4918-AE38-27476E4D0860}.Debug|Any CPU.ActiveCfg = Debug|Any CPU
		{EE76280E-C314-4918-AE38-27476E4D0860}.Debug|Any CPU.Build.0 = Debug|Any CPU
		{EE76280E-C314-4918-AE38-27476E4D0860}.Release|Any CPU.ActiveCfg = Release|Any CPU
		{EE76280E-C314-4918-AE38-27476E4D0860}.Release|Any CPU.Build.0 = Release|Any CPU
		{2193D327-08D9-46FD-AA5C-ED120CC95960}.Debug|Any CPU.ActiveCfg = Debug|Any CPU
		{2193D327-08D9-46FD-AA5C-ED120CC95960}.Debug|Any CPU.Build.0 = Debug|Any CPU
		{2193D327-08D9-46FD-AA5C-ED120CC95960}.Release|Any CPU.ActiveCfg = Release|Any CPU
		{2193D327-08D9-46FD-AA5C-ED120CC95960}.Release|Any CPU.Build.0 = Release|Any CPU
		{579E8CB9-AA55-4BE0-B04A-F498BBE5CA28}.Debug|Any CPU.ActiveCfg = Debug|Any CPU
		{579E8CB9-AA55-4BE0-B04A-F498BBE5CA28}.Debug|Any CPU.Build.0 = Debug|Any CPU
		{579E8CB9-AA55-4BE0-B04A-F498BBE5CA28}.Release|Any CPU.ActiveCfg = Release|Any CPU
		{579E8CB9-AA55-4BE0-B04A-F498BBE5CA28}.Release|Any CPU.Build.0 = Release|Any CPU
		{C6D47CC0-70DC-496E-907D-705EDCACBE5B}.Debug|Any CPU.ActiveCfg = Debug|Any CPU
		{C6D47CC0-70DC-496E-907D-705EDCACBE5B}.Debug|Any CPU.Build.0 = Debug|Any CPU
		{C6D47CC0-70DC-496E-907D-705EDCACBE5B}.Release|Any CPU.ActiveCfg = Release|Any CPU
		{C6D47CC0-70DC-496E-907D-705EDCACBE5B}.Release|Any CPU.Build.0 = Release|Any CPU
		{3C8361C7-EDC8-431B-ACCC-0CBF06044600}.Debug|Any CPU.ActiveCfg = Debug|Any CPU
		{3C8361C7-EDC8-431B-ACCC-0CBF06044600}.Debug|Any CPU.Build.0 = Debug|Any CPU
		{3C8361C7-EDC8-431B-ACCC-0CBF06044600}.Release|Any CPU.ActiveCfg = Release|Any CPU
		{3C8361C7-EDC8-431B-ACCC-0CBF06044600}.Release|Any CPU.Build.0 = Release|Any CPU
		{F5AE7356-40B3-47FA-BA3B-269ADDA10B9B}.Debug|Any CPU.ActiveCfg = Debug|Any CPU
		{F5AE7356-40B3-47FA-BA3B-269ADDA10B9B}.Debug|Any CPU.Build.0 = Debug|Any CPU
		{F5AE7356-40B3-47FA-BA3B-269ADDA10B9B}.Release|Any CPU.ActiveCfg = Release|Any CPU
		{F5AE7356-40B3-47FA-BA3B-269ADDA10B9B}.Release|Any CPU.Build.0 = Release|Any CPU
		{BFD3A40F-0F82-490B-BEEC-0532D76DD7C9}.Debug|Any CPU.ActiveCfg = Debug|Any CPU
		{BFD3A40F-0F82-490B-BEEC-0532D76DD7C9}.Debug|Any CPU.Build.0 = Debug|Any CPU
		{BFD3A40F-0F82-490B-BEEC-0532D76DD7C9}.Release|Any CPU.ActiveCfg = Release|Any CPU
		{BFD3A40F-0F82-490B-BEEC-0532D76DD7C9}.Release|Any CPU.Build.0 = Release|Any CPU
	EndGlobalSection
	GlobalSection(SolutionProperties) = preSolution
		HideSolutionNode = FALSE
	EndGlobalSection
	GlobalSection(NestedProjects) = preSolution
		{5DF5D4B9-A164-48F9-81FD-349EB337545C} = {12EB95C4-0E18-4BED-94F4-97EAF685357A}
		{C9CCB21B-0C78-4FCF-9843-B21482D93F02} = {12EB95C4-0E18-4BED-94F4-97EAF685357A}
		{08F815F7-D0E8-480E-8161-527E194B32DB} = {12EB95C4-0E18-4BED-94F4-97EAF685357A}
		{5B24CA7E-E94B-4C10-9F63-486C52378BC6} = {12EB95C4-0E18-4BED-94F4-97EAF685357A}
		{EE76280E-C314-4918-AE38-27476E4D0860} = {C9CCB21B-0C78-4FCF-9843-B21482D93F02}
		{2193D327-08D9-46FD-AA5C-ED120CC95960} = {C9CCB21B-0C78-4FCF-9843-B21482D93F02}
		{C6D47CC0-70DC-496E-907D-705EDCACBE5B} = {35C4071F-5698-492D-9E7F-3822DA1CD067}
		{3C8361C7-EDC8-431B-ACCC-0CBF06044600} = {35C4071F-5698-492D-9E7F-3822DA1CD067}
		{F5AE7356-40B3-47FA-BA3B-269ADDA10B9B} = {35C4071F-5698-492D-9E7F-3822DA1CD067}
		{BFD3A40F-0F82-490B-BEEC-0532D76DD7C9} = {35C4071F-5698-492D-9E7F-3822DA1CD067}
	EndGlobalSection
	GlobalSection(ExtensibilityGlobals) = postSolution
		SolutionGuid = {7EEC7C47-BB85-4525-BFAC-F51F5F99E19F}
	EndGlobalSection
EndGlobal
